
Microsoft Visual Studio Solution File, Format Version 12.00
# Visual Studio Version 17
VisualStudioVersion = 17.11.35327.3
MinimumVisualStudioVersion = 10.0.40219.1
Project("{FAE04EC0-301F-11D3-BF4B-00C04F79EFBC}") = "Pizzería", "Pizzería\Pizzería.csproj", "{6AC871D1-8FA0-4CB4-A8FC-573AFB01613D}"
EndProject
Global
	GlobalSection(SolutionConfigurationPlatforms) = preSolution
		Debug|Any CPU = Debug|Any CPU
		Release|Any CPU = Release|Any CPU
	EndGlobalSection
	GlobalSection(ProjectConfigurationPlatforms) = postSolution
		{6AC871D1-8FA0-4CB4-A8FC-573AFB01613D}.Debug|Any CPU.ActiveCfg = Debug|Any CPU
		{6AC871D1-8FA0-4CB4-A8FC-573AFB01613D}.Debug|Any CPU.Build.0 = Debug|Any CPU
		{6AC871D1-8FA0-4CB4-A8FC-573AFB01613D}.Release|Any CPU.ActiveCfg = Release|Any CPU
		{6AC871D1-8FA0-4CB4-A8FC-573AFB01613D}.Release|Any CPU.Build.0 = Release|Any CPU
	EndGlobalSection
	GlobalSection(SolutionProperties) = preSolution
		HideSolutionNode = FALSE
	EndGlobalSection
	GlobalSection(ExtensibilityGlobals) = postSolution
		SolutionGuid = {0B7DA1BD-D218-4BCB-AF76-DA45E4B53E91}
	EndGlobalSection
EndGlobal
